
Microsoft Visual Studio Solution File, Format Version 12.00
# Visual Studio Version 17
VisualStudioVersion = 17.4.33103.184
MinimumVisualStudioVersion = 10.0.40219.1
Project("{9A19103F-16F7-4668-BE54-9A1E7A4F7556}") = "ProjLogin", "ProjLogin\ProjLogin.csproj", "{735328E8-430A-4719-9193-EBDE00FD1799}"
EndProject
Project("{FAE04EC0-301F-11D3-BF4B-00C04F79EFBC}") = "Encrypt", "Encrypt\Encrypt.csproj", "{81BC134B-2A13-4453-9CFA-F9AFC5C0FFC9}"
EndProject
Project("{FAE04EC0-301F-11D3-BF4B-00C04F79EFBC}") = "Test_ProjLogin", "Test_ProjLogin\Test_ProjLogin.csproj", "{E136B15B-0F61-4484-8E7B-1A1BEF52F14E}"
EndProject
Global
	GlobalSection(SolutionConfigurationPlatforms) = preSolution
		Debug|Any CPU = Debug|Any CPU
		Release|Any CPU = Release|Any CPU
	EndGlobalSection
	GlobalSection(ProjectConfigurationPlatforms) = postSolution
		{735328E8-430A-4719-9193-EBDE00FD1799}.Debug|Any CPU.ActiveCfg = Debug|Any CPU
		{735328E8-430A-4719-9193-EBDE00FD1799}.Debug|Any CPU.Build.0 = Debug|Any CPU
		{735328E8-430A-4719-9193-EBDE00FD1799}.Release|Any CPU.ActiveCfg = Release|Any CPU
		{735328E8-430A-4719-9193-EBDE00FD1799}.Release|Any CPU.Build.0 = Release|Any CPU
		{81BC134B-2A13-4453-9CFA-F9AFC5C0FFC9}.Debug|Any CPU.ActiveCfg = Debug|Any CPU
		{81BC134B-2A13-4453-9CFA-F9AFC5C0FFC9}.Debug|Any CPU.Build.0 = Debug|Any CPU
		{81BC134B-2A13-4453-9CFA-F9AFC5C0FFC9}.Release|Any CPU.ActiveCfg = Release|Any CPU
		{81BC134B-2A13-4453-9CFA-F9AFC5C0FFC9}.Release|Any CPU.Build.0 = Release|Any CPU
		{E136B15B-0F61-4484-8E7B-1A1BEF52F14E}.Debug|Any CPU.ActiveCfg = Debug|Any CPU
		{E136B15B-0F61-4484-8E7B-1A1BEF52F14E}.Debug|Any CPU.Build.0 = Debug|Any CPU
		{E136B15B-0F61-4484-8E7B-1A1BEF52F14E}.Release|Any CPU.ActiveCfg = Release|Any CPU
		{E136B15B-0F61-4484-8E7B-1A1BEF52F14E}.Release|Any CPU.Build.0 = Release|Any CPU
	EndGlobalSection
	GlobalSection(SolutionProperties) = preSolution
		HideSolutionNode = FALSE
	EndGlobalSection
	GlobalSection(ExtensibilityGlobals) = postSolution
		SolutionGuid = {372E87B2-4A6E-45EE-B696-9BFB4C7CD315}
	EndGlobalSection
EndGlobal
